// !$*UTF8*$!
{
	archiveVersion = 1;
	classes = {
	};
	objectVersion = 56;
	objects = {

/* Begin PBXBuildFile section */
		119D4CC82BAB0A7D00BB36EB /* PageViewControllerApp.swift in Sources */ = {isa = PBXBuildFile; fileRef = 119D4CC72BAB0A7D00BB36EB /* PageViewControllerApp.swift */; };
		119D4CCA2BAB0A7D00BB36EB /* ContentView.swift in Sources */ = {isa = PBXBuildFile; fileRef = 119D4CC92BAB0A7D00BB36EB /* ContentView.swift */; };
		119D4CCC2BAB0A7F00BB36EB /* Assets.xcassets in Resources */ = {isa = PBXBuildFile; fileRef = 119D4CCB2BAB0A7F00BB36EB /* Assets.xcassets */; };
		119D4CCF2BAB0A7F00BB36EB /* Preview Assets.xcassets in Resources */ = {isa = PBXBuildFile; fileRef = 119D4CCE2BAB0A7F00BB36EB /* Preview Assets.xcassets */; };
		119D4CD92BAC523000BB36EB /* ImagePageView.swift in Sources */ = {isa = PBXBuildFile; fileRef = 119D4CD82BAC523000BB36EB /* ImagePageView.swift */; };
		119D4CDB2BAC526400BB36EB /* AudioPageView.swift in Sources */ = {isa = PBXBuildFile; fileRef = 119D4CDA2BAC526400BB36EB /* AudioPageView.swift */; };
		119D4CDD2BAC52B300BB36EB /* LinkPageView.swift in Sources */ = {isa = PBXBuildFile; fileRef = 119D4CDC2BAC52B300BB36EB /* LinkPageView.swift */; };
		119D4CDF2BAC52EE00BB36EB /* PageView.swift in Sources */ = {isa = PBXBuildFile; fileRef = 119D4CDE2BAC52EE00BB36EB /* PageView.swift */; };
		119D4CE22BAC5F3200BB36EB /* DeviceRotationViewModifier.swift in Sources */ = {isa = PBXBuildFile; fileRef = 119D4CE12BAC5F3200BB36EB /* DeviceRotationViewModifier.swift */; };
		11EBDBB12BB1A38600B31BBB /* WeAreFromUkraine.mp3 in Resources */ = {isa = PBXBuildFile; fileRef = 11EBDBAF2BB1A38500B31BBB /* WeAreFromUkraine.mp3 */; };
		11EBDBB22BB1A38600B31BBB /* WeAreFromUkraine_1.mp3 in Resources */ = {isa = PBXBuildFile; fileRef = 11EBDBB02BB1A38600B31BBB /* WeAreFromUkraine_1.mp3 */; };
		4F7B6CEE2BAD9E9100DD117C /* VideoPageView.swift in Sources */ = {isa = PBXBuildFile; fileRef = 4F7B6CED2BAD9E9100DD117C /* VideoPageView.swift */; };
		4F7B6CF02BADA8F400DD117C /* Ukraine.mp4 in Resources */ = {isa = PBXBuildFile; fileRef = 4F7B6CEF2BADA46D00DD117C /* Ukraine.mp4 */; };
		4F7E05382BACEE0F005266F3 /* SDWebImageSwiftUI in Frameworks */ = {isa = PBXBuildFile; productRef = 4F7E05372BACEE0F005266F3 /* SDWebImageSwiftUI */; };
		4F9C25EA2BB0D96E00297F05 /* VideoPlayerViewModel.swift in Sources */ = {isa = PBXBuildFile; fileRef = 4F9C25E92BB0D96E00297F05 /* VideoPlayerViewModel.swift */; };
		4F9C25EC2BB0D9E300297F05 /* VideoPlayerView.swift in Sources */ = {isa = PBXBuildFile; fileRef = 4F9C25EB2BB0D9E300297F05 /* VideoPlayerView.swift */; };
		4F9C25EE2BB0DAA800297F05 /* PlayerControlsView.swift in Sources */ = {isa = PBXBuildFile; fileRef = 4F9C25ED2BB0DAA800297F05 /* PlayerControlsView.swift */; };
		4F9C25F02BB0DE4C00297F05 /* CustomProgressBarView.swift in Sources */ = {isa = PBXBuildFile; fileRef = 4F9C25EF2BB0DE4C00297F05 /* CustomProgressBarView.swift */; };
		4F9C25F22BB1754A00297F05 /* StillWaters.mp4 in Resources */ = {isa = PBXBuildFile; fileRef = 4F9C25F12BB174EB00297F05 /* StillWaters.mp4 */; };
		72E2E9212BFFF65F002A7342 /* ZoomableImageView.swift in Sources */ = {isa = PBXBuildFile; fileRef = 72E2E9202BFFF65F002A7342 /* ZoomableImageView.swift */; };
		7438E0592BADA9F5000EC37F /* ToolbarView.swift in Sources */ = {isa = PBXBuildFile; fileRef = 7438E0582BADA9F5000EC37F /* ToolbarView.swift */; };
		7438E05B2BADAC23000EC37F /* SliderViewState.swift in Sources */ = {isa = PBXBuildFile; fileRef = 7438E05A2BADAC23000EC37F /* SliderViewState.swift */; };
		7438E0682BB18AC3000EC37F /* SliderViewModel.swift in Sources */ = {isa = PBXBuildFile; fileRef = 7438E0672BB18AC3000EC37F /* SliderViewModel.swift */; };
		7438E06F2BB19435000EC37F /* SliderView.swift in Sources */ = {isa = PBXBuildFile; fileRef = 7438E06E2BB19435000EC37F /* SliderView.swift */; };
		7438E0712BB195F1000EC37F /* Constants.swift in Sources */ = {isa = PBXBuildFile; fileRef = 7438E0702BB195F1000EC37F /* Constants.swift */; };
		7438E0752BB19809000EC37F /* MetadataView.swift in Sources */ = {isa = PBXBuildFile; fileRef = 7438E0742BB19809000EC37F /* MetadataView.swift */; };
/* End PBXBuildFile section */

/* Begin PBXFileReference section */
		119D4CC42BAB0A7D00BB36EB /* PageViewController.app */ = {isa = PBXFileReference; explicitFileType = wrapper.application; includeInIndex = 0; path = PageViewController.app; sourceTree = BUILT_PRODUCTS_DIR; };
		119D4CC72BAB0A7D00BB36EB /* PageViewControllerApp.swift */ = {isa = PBXFileReference; lastKnownFileType = sourcecode.swift; path = PageViewControllerApp.swift; sourceTree = "<group>"; };
		119D4CC92BAB0A7D00BB36EB /* ContentView.swift */ = {isa = PBXFileReference; lastKnownFileType = sourcecode.swift; path = ContentView.swift; sourceTree = "<group>"; };
		119D4CCB2BAB0A7F00BB36EB /* Assets.xcassets */ = {isa = PBXFileReference; lastKnownFileType = folder.assetcatalog; path = Assets.xcassets; sourceTree = "<group>"; };
		119D4CCE2BAB0A7F00BB36EB /* Preview Assets.xcassets */ = {isa = PBXFileReference; lastKnownFileType = folder.assetcatalog; path = "Preview Assets.xcassets"; sourceTree = "<group>"; };
		119D4CD82BAC523000BB36EB /* ImagePageView.swift */ = {isa = PBXFileReference; lastKnownFileType = sourcecode.swift; path = ImagePageView.swift; sourceTree = "<group>"; };
		119D4CDA2BAC526400BB36EB /* AudioPageView.swift */ = {isa = PBXFileReference; lastKnownFileType = sourcecode.swift; path = AudioPageView.swift; sourceTree = "<group>"; };
		119D4CDC2BAC52B300BB36EB /* LinkPageView.swift */ = {isa = PBXFileReference; lastKnownFileType = sourcecode.swift; path = LinkPageView.swift; sourceTree = "<group>"; };
		119D4CDE2BAC52EE00BB36EB /* PageView.swift */ = {isa = PBXFileReference; lastKnownFileType = sourcecode.swift; path = PageView.swift; sourceTree = "<group>"; };
		119D4CE12BAC5F3200BB36EB /* DeviceRotationViewModifier.swift */ = {isa = PBXFileReference; lastKnownFileType = sourcecode.swift; path = DeviceRotationViewModifier.swift; sourceTree = "<group>"; };
		11EBDBAF2BB1A38500B31BBB /* WeAreFromUkraine.mp3 */ = {isa = PBXFileReference; lastKnownFileType = audio.mp3; path = WeAreFromUkraine.mp3; sourceTree = "<group>"; };
		11EBDBB02BB1A38600B31BBB /* WeAreFromUkraine_1.mp3 */ = {isa = PBXFileReference; lastKnownFileType = audio.mp3; path = WeAreFromUkraine_1.mp3; sourceTree = "<group>"; };
		4F7B6CED2BAD9E9100DD117C /* VideoPageView.swift */ = {isa = PBXFileReference; lastKnownFileType = sourcecode.swift; path = VideoPageView.swift; sourceTree = "<group>"; };
		4F7B6CEF2BADA46D00DD117C /* Ukraine.mp4 */ = {isa = PBXFileReference; lastKnownFileType = file; path = Ukraine.mp4; sourceTree = "<group>"; };
		4F9C25E92BB0D96E00297F05 /* VideoPlayerViewModel.swift */ = {isa = PBXFileReference; lastKnownFileType = sourcecode.swift; path = VideoPlayerViewModel.swift; sourceTree = "<group>"; };
		4F9C25EB2BB0D9E300297F05 /* VideoPlayerView.swift */ = {isa = PBXFileReference; lastKnownFileType = sourcecode.swift; path = VideoPlayerView.swift; sourceTree = "<group>"; };
		4F9C25ED2BB0DAA800297F05 /* PlayerControlsView.swift */ = {isa = PBXFileReference; lastKnownFileType = sourcecode.swift; path = PlayerControlsView.swift; sourceTree = "<group>"; };
		4F9C25EF2BB0DE4C00297F05 /* CustomProgressBarView.swift */ = {isa = PBXFileReference; lastKnownFileType = sourcecode.swift; path = CustomProgressBarView.swift; sourceTree = "<group>"; };
		4F9C25F12BB174EB00297F05 /* StillWaters.mp4 */ = {isa = PBXFileReference; lastKnownFileType = file; path = StillWaters.mp4; sourceTree = "<group>"; };
		72E2E9202BFFF65F002A7342 /* ZoomableImageView.swift */ = {isa = PBXFileReference; lastKnownFileType = sourcecode.swift; path = ZoomableImageView.swift; sourceTree = "<group>"; };
		7438E0582BADA9F5000EC37F /* ToolbarView.swift */ = {isa = PBXFileReference; lastKnownFileType = sourcecode.swift; path = ToolbarView.swift; sourceTree = "<group>"; };
		7438E05A2BADAC23000EC37F /* SliderViewState.swift */ = {isa = PBXFileReference; lastKnownFileType = sourcecode.swift; path = SliderViewState.swift; sourceTree = "<group>"; };
		7438E0672BB18AC3000EC37F /* SliderViewModel.swift */ = {isa = PBXFileReference; lastKnownFileType = sourcecode.swift; path = SliderViewModel.swift; sourceTree = "<group>"; };
		7438E06E2BB19435000EC37F /* SliderView.swift */ = {isa = PBXFileReference; lastKnownFileType = sourcecode.swift; path = SliderView.swift; sourceTree = "<group>"; };
		7438E0702BB195F1000EC37F /* Constants.swift */ = {isa = PBXFileReference; lastKnownFileType = sourcecode.swift; path = Constants.swift; sourceTree = "<group>"; };
		7438E0742BB19809000EC37F /* MetadataView.swift */ = {isa = PBXFileReference; lastKnownFileType = sourcecode.swift; path = MetadataView.swift; sourceTree = "<group>"; };
/* End PBXFileReference section */

/* Begin PBXFrameworksBuildPhase section */
		119D4CC12BAB0A7D00BB36EB /* Frameworks */ = {
			isa = PBXFrameworksBuildPhase;
			buildActionMask = 2147483647;
			files = (
				4F7E05382BACEE0F005266F3 /* SDWebImageSwiftUI in Frameworks */,
			);
			runOnlyForDeploymentPostprocessing = 0;
		};
/* End PBXFrameworksBuildPhase section */

/* Begin PBXGroup section */
		119D4CBB2BAB0A7D00BB36EB = {
			isa = PBXGroup;
			children = (
				119D4CC62BAB0A7D00BB36EB /* PageViewController */,
				119D4CC52BAB0A7D00BB36EB /* Products */,
			);
			sourceTree = "<group>";
		};
		119D4CC52BAB0A7D00BB36EB /* Products */ = {
			isa = PBXGroup;
			children = (
				119D4CC42BAB0A7D00BB36EB /* PageViewController.app */,
			);
			name = Products;
			sourceTree = "<group>";
		};
		119D4CC62BAB0A7D00BB36EB /* PageViewController */ = {
			isa = PBXGroup;
			children = (
				11EBDBB02BB1A38600B31BBB /* WeAreFromUkraine_1.mp3 */,
				11EBDBAF2BB1A38500B31BBB /* WeAreFromUkraine.mp3 */,
				119D4CC72BAB0A7D00BB36EB /* PageViewControllerApp.swift */,
				119D4CC92BAB0A7D00BB36EB /* ContentView.swift */,
				7438E06D2BB19423000EC37F /* SliderView */,
				7438E05C2BADAFD7000EC37F /* Views */,
				119D4CD72BAC520A00BB36EB /* Pages */,
				119D4CE02BAC5F1600BB36EB /* Utils */,
				4F7B6CEF2BADA46D00DD117C /* Ukraine.mp4 */,
				4F9C25F12BB174EB00297F05 /* StillWaters.mp4 */,
				119D4CCB2BAB0A7F00BB36EB /* Assets.xcassets */,
				119D4CCD2BAB0A7F00BB36EB /* Preview Content */,
				7438E0702BB195F1000EC37F /* Constants.swift */,
			);
			path = PageViewController;
			sourceTree = "<group>";
		};
		119D4CCD2BAB0A7F00BB36EB /* Preview Content */ = {
			isa = PBXGroup;
			children = (
				119D4CCE2BAB0A7F00BB36EB /* Preview Assets.xcassets */,
			);
			path = "Preview Content";
			sourceTree = "<group>";
		};
		119D4CD72BAC520A00BB36EB /* Pages */ = {
			isa = PBXGroup;
			children = (
				72E2E91F2BFFF651002A7342 /* ImagePage */,
				119D4CDA2BAC526400BB36EB /* AudioPageView.swift */,
				119D4CDC2BAC52B300BB36EB /* LinkPageView.swift */,
				4F9C25E82BB0D76900297F05 /* VideoPage */,
			);
			path = Pages;
			sourceTree = "<group>";
		};
		119D4CE02BAC5F1600BB36EB /* Utils */ = {
			isa = PBXGroup;
			children = (
				119D4CE12BAC5F3200BB36EB /* DeviceRotationViewModifier.swift */,
			);
			path = Utils;
			sourceTree = "<group>";
		};
		4F9C25E82BB0D76900297F05 /* VideoPage */ = {
			isa = PBXGroup;
			children = (
				4F7B6CED2BAD9E9100DD117C /* VideoPageView.swift */,
				4F9C25EB2BB0D9E300297F05 /* VideoPlayerView.swift */,
				4F9C25E92BB0D96E00297F05 /* VideoPlayerViewModel.swift */,
				4F9C25ED2BB0DAA800297F05 /* PlayerControlsView.swift */,
				4F9C25EF2BB0DE4C00297F05 /* CustomProgressBarView.swift */,
			);
			path = VideoPage;
			sourceTree = "<group>";
		};
		72E2E91F2BFFF651002A7342 /* ImagePage */ = {
			isa = PBXGroup;
			children = (
				119D4CD82BAC523000BB36EB /* ImagePageView.swift */,
				72E2E9202BFFF65F002A7342 /* ZoomableImageView.swift */,
			);
			path = ImagePage;
			sourceTree = "<group>";
		};
		7438E05C2BADAFD7000EC37F /* Views */ = {
			isa = PBXGroup;
			children = (
				119D4CDE2BAC52EE00BB36EB /* PageView.swift */,
				7438E0582BADA9F5000EC37F /* ToolbarView.swift */,
				7438E0742BB19809000EC37F /* MetadataView.swift */,
			);
			path = Views;
			sourceTree = "<group>";
		};
		7438E06D2BB19423000EC37F /* SliderView */ = {
			isa = PBXGroup;
			children = (
				7438E0672BB18AC3000EC37F /* SliderViewModel.swift */,
				7438E05A2BADAC23000EC37F /* SliderViewState.swift */,
				7438E06E2BB19435000EC37F /* SliderView.swift */,
			);
			path = SliderView;
			sourceTree = "<group>";
		};
/* End PBXGroup section */

/* Begin PBXNativeTarget section */
		119D4CC32BAB0A7D00BB36EB /* PageViewController */ = {
			isa = PBXNativeTarget;
			buildConfigurationList = 119D4CD22BAB0A7F00BB36EB /* Build configuration list for PBXNativeTarget "PageViewController" */;
			buildPhases = (
				119D4CC02BAB0A7D00BB36EB /* Sources */,
				119D4CC12BAB0A7D00BB36EB /* Frameworks */,
				119D4CC22BAB0A7D00BB36EB /* Resources */,
			);
			buildRules = (
			);
			dependencies = (
			);
			name = PageViewController;
			packageProductDependencies = (
				4F7E05372BACEE0F005266F3 /* SDWebImageSwiftUI */,
			);
			productName = PageViewController;
			productReference = 119D4CC42BAB0A7D00BB36EB /* PageViewController.app */;
			productType = "com.apple.product-type.application";
		};
/* End PBXNativeTarget section */

/* Begin PBXProject section */
		119D4CBC2BAB0A7D00BB36EB /* Project object */ = {
			isa = PBXProject;
			attributes = {
				BuildIndependentTargetsInParallel = 1;
				LastSwiftUpdateCheck = 1500;
				LastUpgradeCheck = 1500;
				TargetAttributes = {
					119D4CC32BAB0A7D00BB36EB = {
						CreatedOnToolsVersion = 15.0.1;
					};
				};
			};
			buildConfigurationList = 119D4CBF2BAB0A7D00BB36EB /* Build configuration list for PBXProject "PageViewController" */;
			compatibilityVersion = "Xcode 14.0";
			developmentRegion = en;
			hasScannedForEncodings = 0;
			knownRegions = (
				en,
				Base,
			);
			mainGroup = 119D4CBB2BAB0A7D00BB36EB;
			packageReferences = (
				4F7E05362BACEE0F005266F3 /* XCRemoteSwiftPackageReference "SDWebImageSwiftUI" */,
			);
			productRefGroup = 119D4CC52BAB0A7D00BB36EB /* Products */;
			projectDirPath = "";
			projectRoot = "";
			targets = (
				119D4CC32BAB0A7D00BB36EB /* PageViewController */,
			);
		};
/* End PBXProject section */

/* Begin PBXResourcesBuildPhase section */
		119D4CC22BAB0A7D00BB36EB /* Resources */ = {
			isa = PBXResourcesBuildPhase;
			buildActionMask = 2147483647;
			files = (
				4F7B6CF02BADA8F400DD117C /* Ukraine.mp4 in Resources */,
				11EBDBB12BB1A38600B31BBB /* WeAreFromUkraine.mp3 in Resources */,
				4F9C25F22BB1754A00297F05 /* StillWaters.mp4 in Resources */,
				11EBDBB22BB1A38600B31BBB /* WeAreFromUkraine_1.mp3 in Resources */,
				119D4CCF2BAB0A7F00BB36EB /* Preview Assets.xcassets in Resources */,
				119D4CCC2BAB0A7F00BB36EB /* Assets.xcassets in Resources */,
			);
			runOnlyForDeploymentPostprocessing = 0;
		};
/* End PBXResourcesBuildPhase section */

/* Begin PBXSourcesBuildPhase section */
		119D4CC02BAB0A7D00BB36EB /* Sources */ = {
			isa = PBXSourcesBuildPhase;
			buildActionMask = 2147483647;
			files = (
				4F9C25EA2BB0D96E00297F05 /* VideoPlayerViewModel.swift in Sources */,
				119D4CDB2BAC526400BB36EB /* AudioPageView.swift in Sources */,
				4F9C25F02BB0DE4C00297F05 /* CustomProgressBarView.swift in Sources */,
				119D4CE22BAC5F3200BB36EB /* DeviceRotationViewModifier.swift in Sources */,
				119D4CD92BAC523000BB36EB /* ImagePageView.swift in Sources */,
				7438E0592BADA9F5000EC37F /* ToolbarView.swift in Sources */,
				119D4CCA2BAB0A7D00BB36EB /* ContentView.swift in Sources */,
				119D4CDF2BAC52EE00BB36EB /* PageView.swift in Sources */,
				7438E0752BB19809000EC37F /* MetadataView.swift in Sources */,
				119D4CDF2BAC52EE00BB36EB /* PageView.swift in Sources */,
				4F9C25EE2BB0DAA800297F05 /* PlayerControlsView.swift in Sources */,
				72E2E9212BFFF65F002A7342 /* ZoomableImageView.swift in Sources */,
				119D4CDF2BAC52EE00BB36EB /* PageView.swift in Sources */,
				4F7B6CEE2BAD9E9100DD117C /* VideoPageView.swift in Sources */,
				7438E0682BB18AC3000EC37F /* SliderViewModel.swift in Sources */,
				119D4CDD2BAC52B300BB36EB /* LinkPageView.swift in Sources */,
				7438E0712BB195F1000EC37F /* Constants.swift in Sources */,
				7438E05B2BADAC23000EC37F /* SliderViewState.swift in Sources */,
				119D4CC82BAB0A7D00BB36EB /* PageViewControllerApp.swift in Sources */,
				4F9C25EC2BB0D9E300297F05 /* VideoPlayerView.swift in Sources */,
				7438E06F2BB19435000EC37F /* SliderView.swift in Sources */,
			);
			runOnlyForDeploymentPostprocessing = 0;
		};
/* End PBXSourcesBuildPhase section */

/* Begin XCBuildConfiguration section */
		119D4CD02BAB0A7F00BB36EB /* Debug */ = {
			isa = XCBuildConfiguration;
			buildSettings = {
				ALWAYS_SEARCH_USER_PATHS = NO;
				ASSETCATALOG_COMPILER_GENERATE_SWIFT_ASSET_SYMBOL_EXTENSIONS = YES;
				CLANG_ANALYZER_NONNULL = YES;
				CLANG_ANALYZER_NUMBER_OBJECT_CONVERSION = YES_AGGRESSIVE;
				CLANG_CXX_LANGUAGE_STANDARD = "gnu++20";
				CLANG_ENABLE_MODULES = YES;
				CLANG_ENABLE_OBJC_ARC = YES;
				CLANG_ENABLE_OBJC_WEAK = YES;
				CLANG_WARN_BLOCK_CAPTURE_AUTORELEASING = YES;
				CLANG_WARN_BOOL_CONVERSION = YES;
				CLANG_WARN_COMMA = YES;
				CLANG_WARN_CONSTANT_CONVERSION = YES;
				CLANG_WARN_DEPRECATED_OBJC_IMPLEMENTATIONS = YES;
				CLANG_WARN_DIRECT_OBJC_ISA_USAGE = YES_ERROR;
				CLANG_WARN_DOCUMENTATION_COMMENTS = YES;
				CLANG_WARN_EMPTY_BODY = YES;
				CLANG_WARN_ENUM_CONVERSION = YES;
				CLANG_WARN_INFINITE_RECURSION = YES;
				CLANG_WARN_INT_CONVERSION = YES;
				CLANG_WARN_NON_LITERAL_NULL_CONVERSION = YES;
				CLANG_WARN_OBJC_IMPLICIT_RETAIN_SELF = YES;
				CLANG_WARN_OBJC_LITERAL_CONVERSION = YES;
				CLANG_WARN_OBJC_ROOT_CLASS = YES_ERROR;
				CLANG_WARN_QUOTED_INCLUDE_IN_FRAMEWORK_HEADER = YES;
				CLANG_WARN_RANGE_LOOP_ANALYSIS = YES;
				CLANG_WARN_STRICT_PROTOTYPES = YES;
				CLANG_WARN_SUSPICIOUS_MOVE = YES;
				CLANG_WARN_UNGUARDED_AVAILABILITY = YES_AGGRESSIVE;
				CLANG_WARN_UNREACHABLE_CODE = YES;
				CLANG_WARN__DUPLICATE_METHOD_MATCH = YES;
				COPY_PHASE_STRIP = NO;
				DEBUG_INFORMATION_FORMAT = dwarf;
				ENABLE_STRICT_OBJC_MSGSEND = YES;
				ENABLE_TESTABILITY = YES;
				ENABLE_USER_SCRIPT_SANDBOXING = YES;
				GCC_C_LANGUAGE_STANDARD = gnu17;
				GCC_DYNAMIC_NO_PIC = NO;
				GCC_NO_COMMON_BLOCKS = YES;
				GCC_OPTIMIZATION_LEVEL = 0;
				GCC_PREPROCESSOR_DEFINITIONS = (
					"DEBUG=1",
					"$(inherited)",
				);
				GCC_WARN_64_TO_32_BIT_CONVERSION = YES;
				GCC_WARN_ABOUT_RETURN_TYPE = YES_ERROR;
				GCC_WARN_UNDECLARED_SELECTOR = YES;
				GCC_WARN_UNINITIALIZED_AUTOS = YES_AGGRESSIVE;
				GCC_WARN_UNUSED_FUNCTION = YES;
				GCC_WARN_UNUSED_VARIABLE = YES;
				IPHONEOS_DEPLOYMENT_TARGET = 17.0;
				LOCALIZATION_PREFERS_STRING_CATALOGS = YES;
				MTL_ENABLE_DEBUG_INFO = INCLUDE_SOURCE;
				MTL_FAST_MATH = YES;
				ONLY_ACTIVE_ARCH = YES;
				SDKROOT = iphoneos;
				SWIFT_ACTIVE_COMPILATION_CONDITIONS = "DEBUG $(inherited)";
				SWIFT_OPTIMIZATION_LEVEL = "-Onone";
			};
			name = Debug;
		};
		119D4CD12BAB0A7F00BB36EB /* Release */ = {
			isa = XCBuildConfiguration;
			buildSettings = {
				ALWAYS_SEARCH_USER_PATHS = NO;
				ASSETCATALOG_COMPILER_GENERATE_SWIFT_ASSET_SYMBOL_EXTENSIONS = YES;
				CLANG_ANALYZER_NONNULL = YES;
				CLANG_ANALYZER_NUMBER_OBJECT_CONVERSION = YES_AGGRESSIVE;
				CLANG_CXX_LANGUAGE_STANDARD = "gnu++20";
				CLANG_ENABLE_MODULES = YES;
				CLANG_ENABLE_OBJC_ARC = YES;
				CLANG_ENABLE_OBJC_WEAK = YES;
				CLANG_WARN_BLOCK_CAPTURE_AUTORELEASING = YES;
				CLANG_WARN_BOOL_CONVERSION = YES;
				CLANG_WARN_COMMA = YES;
				CLANG_WARN_CONSTANT_CONVERSION = YES;
				CLANG_WARN_DEPRECATED_OBJC_IMPLEMENTATIONS = YES;
				CLANG_WARN_DIRECT_OBJC_ISA_USAGE = YES_ERROR;
				CLANG_WARN_DOCUMENTATION_COMMENTS = YES;
				CLANG_WARN_EMPTY_BODY = YES;
				CLANG_WARN_ENUM_CONVERSION = YES;
				CLANG_WARN_INFINITE_RECURSION = YES;
				CLANG_WARN_INT_CONVERSION = YES;
				CLANG_WARN_NON_LITERAL_NULL_CONVERSION = YES;
				CLANG_WARN_OBJC_IMPLICIT_RETAIN_SELF = YES;
				CLANG_WARN_OBJC_LITERAL_CONVERSION = YES;
				CLANG_WARN_OBJC_ROOT_CLASS = YES_ERROR;
				CLANG_WARN_QUOTED_INCLUDE_IN_FRAMEWORK_HEADER = YES;
				CLANG_WARN_RANGE_LOOP_ANALYSIS = YES;
				CLANG_WARN_STRICT_PROTOTYPES = YES;
				CLANG_WARN_SUSPICIOUS_MOVE = YES;
				CLANG_WARN_UNGUARDED_AVAILABILITY = YES_AGGRESSIVE;
				CLANG_WARN_UNREACHABLE_CODE = YES;
				CLANG_WARN__DUPLICATE_METHOD_MATCH = YES;
				COPY_PHASE_STRIP = NO;
				DEBUG_INFORMATION_FORMAT = "dwarf-with-dsym";
				ENABLE_NS_ASSERTIONS = NO;
				ENABLE_STRICT_OBJC_MSGSEND = YES;
				ENABLE_USER_SCRIPT_SANDBOXING = YES;
				GCC_C_LANGUAGE_STANDARD = gnu17;
				GCC_NO_COMMON_BLOCKS = YES;
				GCC_WARN_64_TO_32_BIT_CONVERSION = YES;
				GCC_WARN_ABOUT_RETURN_TYPE = YES_ERROR;
				GCC_WARN_UNDECLARED_SELECTOR = YES;
				GCC_WARN_UNINITIALIZED_AUTOS = YES_AGGRESSIVE;
				GCC_WARN_UNUSED_FUNCTION = YES;
				GCC_WARN_UNUSED_VARIABLE = YES;
				IPHONEOS_DEPLOYMENT_TARGET = 17.0;
				LOCALIZATION_PREFERS_STRING_CATALOGS = YES;
				MTL_ENABLE_DEBUG_INFO = NO;
				MTL_FAST_MATH = YES;
				SDKROOT = iphoneos;
				SWIFT_COMPILATION_MODE = wholemodule;
				VALIDATE_PRODUCT = YES;
			};
			name = Release;
		};
		119D4CD32BAB0A7F00BB36EB /* Debug */ = {
			isa = XCBuildConfiguration;
			buildSettings = {
				ASSETCATALOG_COMPILER_APPICON_NAME = AppIcon;
				ASSETCATALOG_COMPILER_GLOBAL_ACCENT_COLOR_NAME = AccentColor;
				CODE_SIGN_STYLE = Automatic;
				CURRENT_PROJECT_VERSION = 1;
				DEVELOPMENT_ASSET_PATHS = "\"PageViewController/Preview Content\"";
				DEVELOPMENT_TEAM = 3KMD79W249;
				ENABLE_PREVIEWS = YES;
				GENERATE_INFOPLIST_FILE = YES;
				INFOPLIST_KEY_UIApplicationSceneManifest_Generation = YES;
				INFOPLIST_KEY_UIApplicationSupportsIndirectInputEvents = YES;
				INFOPLIST_KEY_UILaunchScreen_Generation = YES;
				INFOPLIST_KEY_UISupportedInterfaceOrientations_iPad = "UIInterfaceOrientationPortrait UIInterfaceOrientationPortraitUpsideDown UIInterfaceOrientationLandscapeLeft UIInterfaceOrientationLandscapeRight";
				INFOPLIST_KEY_UISupportedInterfaceOrientations_iPhone = "UIInterfaceOrientationPortrait UIInterfaceOrientationLandscapeLeft UIInterfaceOrientationLandscapeRight";
				IPHONEOS_DEPLOYMENT_TARGET = 16.0;
				LD_RUNPATH_SEARCH_PATHS = (
					"$(inherited)",
					"@executable_path/Frameworks",
				);
				MARKETING_VERSION = 1.0;
				PRODUCT_BUNDLE_IDENTIFIER = ancestry.PageViewController;
				PRODUCT_NAME = "$(TARGET_NAME)";
				SWIFT_EMIT_LOC_STRINGS = YES;
				SWIFT_VERSION = 5.0;
				TARGETED_DEVICE_FAMILY = "1,2";
			};
			name = Debug;
		};
		119D4CD42BAB0A7F00BB36EB /* Release */ = {
			isa = XCBuildConfiguration;
			buildSettings = {
				ASSETCATALOG_COMPILER_APPICON_NAME = AppIcon;
				ASSETCATALOG_COMPILER_GLOBAL_ACCENT_COLOR_NAME = AccentColor;
				CODE_SIGN_STYLE = Automatic;
				CURRENT_PROJECT_VERSION = 1;
				DEVELOPMENT_ASSET_PATHS = "\"PageViewController/Preview Content\"";
				DEVELOPMENT_TEAM = 3KMD79W249;
				ENABLE_PREVIEWS = YES;
				GENERATE_INFOPLIST_FILE = YES;
				INFOPLIST_KEY_UIApplicationSceneManifest_Generation = YES;
				INFOPLIST_KEY_UIApplicationSupportsIndirectInputEvents = YES;
				INFOPLIST_KEY_UILaunchScreen_Generation = YES;
				INFOPLIST_KEY_UISupportedInterfaceOrientations_iPad = "UIInterfaceOrientationPortrait UIInterfaceOrientationPortraitUpsideDown UIInterfaceOrientationLandscapeLeft UIInterfaceOrientationLandscapeRight";
				INFOPLIST_KEY_UISupportedInterfaceOrientations_iPhone = "UIInterfaceOrientationPortrait UIInterfaceOrientationLandscapeLeft UIInterfaceOrientationLandscapeRight";
				IPHONEOS_DEPLOYMENT_TARGET = 16.0;
				LD_RUNPATH_SEARCH_PATHS = (
					"$(inherited)",
					"@executable_path/Frameworks",
				);
				MARKETING_VERSION = 1.0;
				PRODUCT_BUNDLE_IDENTIFIER = ancestry.PageViewController;
				PRODUCT_NAME = "$(TARGET_NAME)";
				SWIFT_EMIT_LOC_STRINGS = YES;
				SWIFT_VERSION = 5.0;
				TARGETED_DEVICE_FAMILY = "1,2";
			};
			name = Release;
		};
/* End XCBuildConfiguration section */

/* Begin XCConfigurationList section */
		119D4CBF2BAB0A7D00BB36EB /* Build configuration list for PBXProject "PageViewController" */ = {
			isa = XCConfigurationList;
			buildConfigurations = (
				119D4CD02BAB0A7F00BB36EB /* Debug */,
				119D4CD12BAB0A7F00BB36EB /* Release */,
			);
			defaultConfigurationIsVisible = 0;
			defaultConfigurationName = Release;
		};
		119D4CD22BAB0A7F00BB36EB /* Build configuration list for PBXNativeTarget "PageViewController" */ = {
			isa = XCConfigurationList;
			buildConfigurations = (
				119D4CD32BAB0A7F00BB36EB /* Debug */,
				119D4CD42BAB0A7F00BB36EB /* Release */,
			);
			defaultConfigurationIsVisible = 0;
			defaultConfigurationName = Release;
		};
/* End XCConfigurationList section */

/* Begin XCRemoteSwiftPackageReference section */
		4F7E05362BACEE0F005266F3 /* XCRemoteSwiftPackageReference "SDWebImageSwiftUI" */ = {
			isa = XCRemoteSwiftPackageReference;
			repositoryURL = "https://github.com/SDWebImage/SDWebImageSwiftUI.git";
			requirement = {
				kind = upToNextMajorVersion;
				minimumVersion = 3.0.1;
			};
		};
/* End XCRemoteSwiftPackageReference section */

/* Begin XCSwiftPackageProductDependency section */
		4F7E05372BACEE0F005266F3 /* SDWebImageSwiftUI */ = {
			isa = XCSwiftPackageProductDependency;
			package = 4F7E05362BACEE0F005266F3 /* XCRemoteSwiftPackageReference "SDWebImageSwiftUI" */;
			productName = SDWebImageSwiftUI;
		};
/* End XCSwiftPackageProductDependency section */
	};
	rootObject = 119D4CBC2BAB0A7D00BB36EB /* Project object */;
}
